<?xml version="1.0" encoding="utf-8"?>
<Project ToolsVersion="4.0" xmlns="http://schemas.microsoft.com/developer/msbuild/2003">
  <ItemGroup>
    <Filter Include="Source Files">
      <UniqueIdentifier>{4FC737F1-C7A5-4376-A066-2A32D752A2FF}</UniqueIdentifier>
      <Extensions>cpp;c;cc;cxx;c++;cppm;ixx;def;odl;idl;hpj;bat;asm;asmx</Extensions>
    </Filter>
    <Filter Include="Header Files">
      <UniqueIdentifier>{93995380-89BD-4b04-88EB-625FBE52EBFB}</UniqueIdentifier>
      <Extensions>h;hh;hpp;hxx;h++;hm;inl;inc;ipp;xsd</Extensions>
    </Filter>
    <Filter Include="Resource Files">
      <UniqueIdentifier>{67DA6AB6-F800-4c08-8B7A-83BB121AAD01}</UniqueIdentifier>
      <Extensions>rc;ico;cur;bmp;dlg;rc2;rct;bin;rgs;gif;jpg;jpeg;jpe;resx;tiff;tif;png;wav;mfcribbon-ms</Extensions>
    </Filter>
  </ItemGroup>
  <ItemGroup>
    <ClCompile Include="game.cpp">
      <Filter>Source Files</Filter>
    </ClCompile>
    <ClCompile Include="gameTile.cpp">
      <Filter>Source Files</Filter>
    </ClCompile>
    <ClCompile Include="gameWorld.cpp">
      <Filter>Source Files</Filter>
    </ClCompile>
    <ClCompile Include="pacman.cpp">
      <Filter>Source Files</Filter>
    </ClCompile>
    <ClCompile Include="graph.cpp">
      <Filter>Source Files</Filter>
    </ClCompile>
    <ClCompile Include="ghost.cpp">
      <Filter>Source Files</Filter>
    </ClCompile>
  </ItemGroup>
  <ItemGroup>
    <ClInclude Include="gameTile.h">
      <Filter>Header Files</Filter>
    </ClInclude>
    <ClInclude Include="gameWorld.h">
      <Filter>Header Files</Filter>
    </ClInclude>
    <ClInclude Include="pacman.h">
      <Filter>Header Files</Filter>
    </ClInclude>
    <ClInclude Include="graph.h">
      <Filter>Header Files</Filter>
    </ClInclude>
    <ClInclude Include="resource.h">
      <Filter>Header Files</Filter>
    </ClInclude>
    <ClInclude Include="ghost.h">
      <Filter>Header Files</Filter>
    </ClInclude>
  </ItemGroup>
  <ItemGroup>
    <Image Include="pacmanscreens\size.png">
      <Filter>Resource Files</Filter>
    </Image>
    <Image Include="pacmanscreens\vl.png">
      <Filter>Resource Files</Filter>
    </Image>
    <Image Include="pacmanscreens\hl.png">
      <Filter>Resource Files</Filter>
    </Image>
    <Image Include="pacmanscreens\try.png">
      <Filter>Resource Files</Filter>
    </Image>
    <Image Include="pacmanscreens\food.jpg">
      <Filter>Resource Files</Filter>
    </Image>
    <Image Include="pacmanscreens\tryvr.png">
      <Filter>Resource Files</Filter>
    </Image>
    <Image Include="pacmanscreens\tryvl.png">
      <Filter>Resource Files</Filter>
    </Image>
    <Image Include="pacmanscreens\greenline.jpg">
      <Filter>Resource Files</Filter>
    </Image>
    <Image Include="pacmanscreens\tryh.jpg">
      <Filter>Resource Files</Filter>
    </Image>
    <Image Include="pacmanscreens\black.jpg">
      <Filter>Resource Files</Filter>
    </Image>
    <Image Include="pacmanscreens\white.png">
      <Filter>Resource Files</Filter>
    </Image>
    <Image Include="pacmanscreens\tryhup.jpg">
      <Filter>Resource Files</Filter>
    </Image>
    <Image Include="pacmanscreens\tryhdown.jpg">
      <Filter>Resource Files</Filter>
    </Image>
    <Image Include="pacmanscreens\vlmid.jpg">
      <Filter>Resource Files</Filter>
    </Image>
    <Image Include="pacmanscreens\hlmid.jpg">
      <Filter>Resource Files</Filter>
    </Image>
    <Image Include="pacmanscreens\pacman.jpg">
      <Filter>Resource Files</Filter>
    </Image>
    <Image Include="pacmanscreens\redghost.jpg">
      <Filter>Resource Files</Filter>
    </Image>
    <Image Include="pacmanscreens\BLUEGHOSTrs.jpg">
      <Filter>Resource Files</Filter>
    </Image>
    <Image Include="pacmanscreens\YOUWINRS.jpg">
      <Filter>Resource Files</Filter>
    </Image>
    <Image Include="pacmanscreens\gameoverrs.jpg">
      <Filter>Resource Files</Filter>
    </Image>
  </ItemGroup>
</Project>